
Microsoft Visual Studio Solution File, Format Version 12.00
# Visual Studio 15
VisualStudioVersion = 15.0.27703.2042
MinimumVisualStudioVersion = 10.0.40219.1
Project("{9092AA53-FB77-4645-B42D-1CCCA6BD08BD}") = "GC_Count", "GC_Count\GC_Count.njsproj", "{F81CCE48-BAFD-4BD9-92F5-61370E0201C4}"
EndProject
Global
	GlobalSection(SolutionConfigurationPlatforms) = preSolution
		Debug|Any CPU = Debug|Any CPU
		Release|Any CPU = Release|Any CPU
	EndGlobalSection
	GlobalSection(ProjectConfigurationPlatforms) = postSolution
		{F81CCE48-BAFD-4BD9-92F5-61370E0201C4}.Debug|Any CPU.ActiveCfg = Debug|Any CPU
		{F81CCE48-BAFD-4BD9-92F5-61370E0201C4}.Debug|Any CPU.Build.0 = Debug|Any CPU
		{F81CCE48-BAFD-4BD9-92F5-61370E0201C4}.Release|Any CPU.ActiveCfg = Release|Any CPU
		{F81CCE48-BAFD-4BD9-92F5-61370E0201C4}.Release|Any CPU.Build.0 = Release|Any CPU
	EndGlobalSection
	GlobalSection(SolutionProperties) = preSolution
		HideSolutionNode = FALSE
	EndGlobalSection
	GlobalSection(ExtensibilityGlobals) = postSolution
		SolutionGuid = {DEFED2A1-A480-4696-A0D1-010FED5B5DAB}
	EndGlobalSection
EndGlobal
